
Microsoft Visual Studio Solution File, Format Version 12.00
# Visual Studio Version 17
VisualStudioVersion = 17.10.35013.160
MinimumVisualStudioVersion = 10.0.40219.1
Project("{FAE04EC0-301F-11D3-BF4B-00C04F79EFBC}") = "MongoDbPlayground", "MongoDbPlayground\MongoDbPlayground.csproj", "{4E7A3539-BA34-480C-8A5A-4AAE0C8761D6}"
EndProject
Project("{FAE04EC0-301F-11D3-BF4B-00C04F79EFBC}") = "MongoDbPlayground.Data", "MongoDbPlayground.Data\MongoDbPlayground.Data.csproj", "{D7B2FDFC-6DD9-48CC-906E-56EA44FC5B79}"
EndProject
Project("{FAE04EC0-301F-11D3-BF4B-00C04F79EFBC}") = "MongoDbPlayground.FX", "MongoDbPlayground.FX\MongoDbPlayground.FX.csproj", "{32889320-8AD5-4BA3-A79A-CBD8199C99A0}"
EndProject
Global
	GlobalSection(SolutionConfigurationPlatforms) = preSolution
		Debug|Any CPU = Debug|Any CPU
		Release|Any CPU = Release|Any CPU
	EndGlobalSection
	GlobalSection(ProjectConfigurationPlatforms) = postSolution
		{4E7A3539-BA34-480C-8A5A-4AAE0C8761D6}.Debug|Any CPU.ActiveCfg = Debug|Any CPU
		{4E7A3539-BA34-480C-8A5A-4AAE0C8761D6}.Debug|Any CPU.Build.0 = Debug|Any CPU
		{4E7A3539-BA34-480C-8A5A-4AAE0C8761D6}.Release|Any CPU.ActiveCfg = Release|Any CPU
		{4E7A3539-BA34-480C-8A5A-4AAE0C8761D6}.Release|Any CPU.Build.0 = Release|Any CPU
		{D7B2FDFC-6DD9-48CC-906E-56EA44FC5B79}.Debug|Any CPU.ActiveCfg = Debug|Any CPU
		{D7B2FDFC-6DD9-48CC-906E-56EA44FC5B79}.Debug|Any CPU.Build.0 = Debug|Any CPU
		{D7B2FDFC-6DD9-48CC-906E-56EA44FC5B79}.Release|Any CPU.ActiveCfg = Release|Any CPU
		{D7B2FDFC-6DD9-48CC-906E-56EA44FC5B79}.Release|Any CPU.Build.0 = Release|Any CPU
		{32889320-8AD5-4BA3-A79A-CBD8199C99A0}.Debug|Any CPU.ActiveCfg = Debug|Any CPU
		{32889320-8AD5-4BA3-A79A-CBD8199C99A0}.Debug|Any CPU.Build.0 = Debug|Any CPU
		{32889320-8AD5-4BA3-A79A-CBD8199C99A0}.Release|Any CPU.ActiveCfg = Release|Any CPU
		{32889320-8AD5-4BA3-A79A-CBD8199C99A0}.Release|Any CPU.Build.0 = Release|Any CPU
	EndGlobalSection
	GlobalSection(SolutionProperties) = preSolution
		HideSolutionNode = FALSE
	EndGlobalSection
	GlobalSection(ExtensibilityGlobals) = postSolution
		SolutionGuid = {69C8ECBB-80DC-4673-A42C-3AF759E83E49}
	EndGlobalSection
EndGlobal
